// !$*UTF8*$!
{
	archiveVersion = 1;
	classes = {
	};
	objectVersion = 50;
	objects = {

/* Begin PBXBuildFile section */
		908BAC1B239EB1D100D984FE /* AppDelegate.swift in Sources */ = {isa = PBXBuildFile; fileRef = 908BAC1A239EB1D100D984FE /* AppDelegate.swift */; };
		908BAC1D239EB1D100D984FE /* SceneDelegate.swift in Sources */ = {isa = PBXBuildFile; fileRef = 908BAC1C239EB1D100D984FE /* SceneDelegate.swift */; };
		908BAC22239EB1D100D984FE /* Main.storyboard in Resources */ = {isa = PBXBuildFile; fileRef = 908BAC20239EB1D100D984FE /* Main.storyboard */; };
		908BAC24239EB1D300D984FE /* Assets.xcassets in Resources */ = {isa = PBXBuildFile; fileRef = 908BAC23239EB1D300D984FE /* Assets.xcassets */; };
		908BAC27239EB1D300D984FE /* LaunchScreen.storyboard in Resources */ = {isa = PBXBuildFile; fileRef = 908BAC25239EB1D300D984FE /* LaunchScreen.storyboard */; };
		908BAC2F239EB20800D984FE /* DetailViewController.swift in Sources */ = {isa = PBXBuildFile; fileRef = 908BAC2E239EB20800D984FE /* DetailViewController.swift */; };
		908BAC31239F1FAF00D984FE /* ToDoListTableViewController.swift in Sources */ = {isa = PBXBuildFile; fileRef = 908BAC30239F1FAF00D984FE /* ToDoListTableViewController.swift */; };
		908BAC33239F443800D984FE /* TaskType.swift in Sources */ = {isa = PBXBuildFile; fileRef = 908BAC32239F443800D984FE /* TaskType.swift */; };
		908BAC35239F444E00D984FE /* Task.swift in Sources */ = {isa = PBXBuildFile; fileRef = 908BAC34239F444E00D984FE /* Task.swift */; };
		90CE6A93239FDDED002202E1 /* TaskTableViewCell.swift in Sources */ = {isa = PBXBuildFile; fileRef = 90CE6A92239FDDED002202E1 /* TaskTableViewCell.swift */; };
		90CE6A99239FFE8F002202E1 /* TaskCreatorViewController.swift in Sources */ = {isa = PBXBuildFile; fileRef = 90CE6A98239FFE8F002202E1 /* TaskCreatorViewController.swift */; };
/* End PBXBuildFile section */

/* Begin PBXFileReference section */
		908BAC17239EB1D100D984FE /* project-TheShepherd.app */ = {isa = PBXFileReference; explicitFileType = wrapper.application; includeInIndex = 0; path = "project-TheShepherd.app"; sourceTree = BUILT_PRODUCTS_DIR; };
		908BAC1A239EB1D100D984FE /* AppDelegate.swift */ = {isa = PBXFileReference; lastKnownFileType = sourcecode.swift; path = AppDelegate.swift; sourceTree = "<group>"; };
		908BAC1C239EB1D100D984FE /* SceneDelegate.swift */ = {isa = PBXFileReference; lastKnownFileType = sourcecode.swift; path = SceneDelegate.swift; sourceTree = "<group>"; };
		908BAC21239EB1D100D984FE /* Base */ = {isa = PBXFileReference; lastKnownFileType = file.storyboard; name = Base; path = Base.lproj/Main.storyboard; sourceTree = "<group>"; };
		908BAC23239EB1D300D984FE /* Assets.xcassets */ = {isa = PBXFileReference; lastKnownFileType = folder.assetcatalog; path = Assets.xcassets; sourceTree = "<group>"; };
		908BAC26239EB1D300D984FE /* Base */ = {isa = PBXFileReference; lastKnownFileType = file.storyboard; name = Base; path = Base.lproj/LaunchScreen.storyboard; sourceTree = "<group>"; };
		908BAC28239EB1D300D984FE /* Info.plist */ = {isa = PBXFileReference; lastKnownFileType = text.plist.xml; path = Info.plist; sourceTree = "<group>"; };
		908BAC2E239EB20800D984FE /* DetailViewController.swift */ = {isa = PBXFileReference; lastKnownFileType = sourcecode.swift; path = DetailViewController.swift; sourceTree = "<group>"; };
		908BAC30239F1FAF00D984FE /* ToDoListTableViewController.swift */ = {isa = PBXFileReference; lastKnownFileType = sourcecode.swift; path = ToDoListTableViewController.swift; sourceTree = "<group>"; };
		908BAC32239F443800D984FE /* TaskType.swift */ = {isa = PBXFileReference; lastKnownFileType = sourcecode.swift; path = TaskType.swift; sourceTree = "<group>"; };
		908BAC34239F444E00D984FE /* Task.swift */ = {isa = PBXFileReference; lastKnownFileType = sourcecode.swift; path = Task.swift; sourceTree = "<group>"; };
		90CE6A92239FDDED002202E1 /* TaskTableViewCell.swift */ = {isa = PBXFileReference; lastKnownFileType = sourcecode.swift; path = TaskTableViewCell.swift; sourceTree = "<group>"; };
		90CE6A98239FFE8F002202E1 /* TaskCreatorViewController.swift */ = {isa = PBXFileReference; lastKnownFileType = sourcecode.swift; path = TaskCreatorViewController.swift; sourceTree = "<group>"; };
/* End PBXFileReference section */

/* Begin PBXFrameworksBuildPhase section */
		908BAC14239EB1D100D984FE /* Frameworks */ = {
			isa = PBXFrameworksBuildPhase;
			buildActionMask = 2147483647;
			files = (
			);
			runOnlyForDeploymentPostprocessing = 0;
		};
/* End PBXFrameworksBuildPhase section */

/* Begin PBXGroup section */
		908BAC0E239EB1D100D984FE = {
			isa = PBXGroup;
			children = (
				908BAC19239EB1D100D984FE /* project-TheShepherd */,
				908BAC18239EB1D100D984FE /* Products */,
			);
			sourceTree = "<group>";
		};
		908BAC18239EB1D100D984FE /* Products */ = {
			isa = PBXGroup;
			children = (
				908BAC17239EB1D100D984FE /* project-TheShepherd.app */,
			);
			name = Products;
			sourceTree = "<group>";
		};
		908BAC19239EB1D100D984FE /* project-TheShepherd */ = {
			isa = PBXGroup;
			children = (
				908BAC1C239EB1D100D984FE /* SceneDelegate.swift */,
				90CE6A98239FFE8F002202E1 /* TaskCreatorViewController.swift */,
				908BAC32239F443800D984FE /* TaskType.swift */,
				90CE6A92239FDDED002202E1 /* TaskTableViewCell.swift */,
				908BAC34239F444E00D984FE /* Task.swift */,
				908BAC2E239EB20800D984FE /* DetailViewController.swift */,
				908BAC30239F1FAF00D984FE /* ToDoListTableViewController.swift */,
				908BAC1A239EB1D100D984FE /* AppDelegate.swift */,
				908BAC23239EB1D300D984FE /* Assets.xcassets */,
				908BAC28239EB1D300D984FE /* Info.plist */,
				908BAC25239EB1D300D984FE /* LaunchScreen.storyboard */,
				908BAC20239EB1D100D984FE /* Main.storyboard */,
			);
			path = "project-TheShepherd";
			sourceTree = "<group>";
		};
/* End PBXGroup section */

/* Begin PBXNativeTarget section */
		908BAC16239EB1D100D984FE /* project-TheShepherd */ = {
			isa = PBXNativeTarget;
			buildConfigurationList = 908BAC2B239EB1D300D984FE /* Build configuration list for PBXNativeTarget "project-TheShepherd" */;
			buildPhases = (
				908BAC13239EB1D100D984FE /* Sources */,
				908BAC14239EB1D100D984FE /* Frameworks */,
				908BAC15239EB1D100D984FE /* Resources */,
			);
			buildRules = (
			);
			dependencies = (
			);
			name = "project-TheShepherd";
			productName = "project-TheShepherd";
			productReference = 908BAC17239EB1D100D984FE /* project-TheShepherd.app */;
			productType = "com.apple.product-type.application";
		};
/* End PBXNativeTarget section */

/* Begin PBXProject section */
		908BAC0F239EB1D100D984FE /* Project object */ = {
			isa = PBXProject;
			attributes = {
				LastSwiftUpdateCheck = 1120;
				LastUpgradeCheck = 1120;
				ORGANIZATIONNAME = "Isaac Meisne";
				TargetAttributes = {
					908BAC16239EB1D100D984FE = {
						CreatedOnToolsVersion = 11.2.1;
					};
				};
			};
			buildConfigurationList = 908BAC12239EB1D100D984FE /* Build configuration list for PBXProject "project-TheShepherd" */;
			compatibilityVersion = "Xcode 9.3";
			developmentRegion = en;
			hasScannedForEncodings = 0;
			knownRegions = (
				en,
				Base,
			);
			mainGroup = 908BAC0E239EB1D100D984FE;
			productRefGroup = 908BAC18239EB1D100D984FE /* Products */;
			projectDirPath = "";
			projectRoot = "";
			targets = (
				908BAC16239EB1D100D984FE /* project-TheShepherd */,
			);
		};
/* End PBXProject section */

/* Begin PBXResourcesBuildPhase section */
		908BAC15239EB1D100D984FE /* Resources */ = {
			isa = PBXResourcesBuildPhase;
			buildActionMask = 2147483647;
			files = (
				908BAC27239EB1D300D984FE /* LaunchScreen.storyboard in Resources */,
				908BAC24239EB1D300D984FE /* Assets.xcassets in Resources */,
				908BAC22239EB1D100D984FE /* Main.storyboard in Resources */,
			);
			runOnlyForDeploymentPostprocessing = 0;
		};
/* End PBXResourcesBuildPhase section */

/* Begin PBXSourcesBuildPhase section */
		908BAC13239EB1D100D984FE /* Sources */ = {
			isa = PBXSourcesBuildPhase;
			buildActionMask = 2147483647;
			files = (
				90CE6A93239FDDED002202E1 /* TaskTableViewCell.swift in Sources */,
				908BAC31239F1FAF00D984FE /* ToDoListTableViewController.swift in Sources */,
				908BAC1B239EB1D100D984FE /* AppDelegate.swift in Sources */,
				908BAC33239F443800D984FE /* TaskType.swift in Sources */,
				90CE6A99239FFE8F002202E1 /* TaskCreatorViewController.swift in Sources */,
				908BAC1D239EB1D100D984FE /* SceneDelegate.swift in Sources */,
				908BAC35239F444E00D984FE /* Task.swift in Sources */,
				908BAC2F239EB20800D984FE /* DetailViewController.swift in Sources */,
			);
			runOnlyForDeploymentPostprocessing = 0;
		};
/* End PBXSourcesBuildPhase section */

/* Begin PBXVariantGroup section */
		908BAC20239EB1D100D984FE /* Main.storyboard */ = {
			isa = PBXVariantGroup;
			children = (
				908BAC21239EB1D100D984FE /* Base */,
			);
			name = Main.storyboard;
			sourceTree = "<group>";
		};
		908BAC25239EB1D300D984FE /* LaunchScreen.storyboard */ = {
			isa = PBXVariantGroup;
			children = (
				908BAC26239EB1D300D984FE /* Base */,
			);
			name = LaunchScreen.storyboard;
			sourceTree = "<group>";
		};
/* End PBXVariantGroup section */

/* Begin XCBuildConfiguration section */
		908BAC29239EB1D300D984FE /* Debug */ = {
			isa = XCBuildConfiguration;
			buildSettings = {
				ALWAYS_SEARCH_USER_PATHS = NO;
				CLANG_ANALYZER_NONNULL = YES;
				CLANG_ANALYZER_NUMBER_OBJECT_CONVERSION = YES_AGGRESSIVE;
				CLANG_CXX_LANGUAGE_STANDARD = "gnu++14";
				CLANG_CXX_LIBRARY = "libc++";
				CLANG_ENABLE_MODULES = YES;
				CLANG_ENABLE_OBJC_ARC = YES;
				CLANG_ENABLE_OBJC_WEAK = YES;
				CLANG_WARN_BLOCK_CAPTURE_AUTORELEASING = YES;
				CLANG_WARN_BOOL_CONVERSION = YES;
				CLANG_WARN_COMMA = YES;
				CLANG_WARN_CONSTANT_CONVERSION = YES;
				CLANG_WARN_DEPRECATED_OBJC_IMPLEMENTATIONS = YES;
				CLANG_WARN_DIRECT_OBJC_ISA_USAGE = YES_ERROR;
				CLANG_WARN_DOCUMENTATION_COMMENTS = YES;
				CLANG_WARN_EMPTY_BODY = YES;
				CLANG_WARN_ENUM_CONVERSION = YES;
				CLANG_WARN_INFINITE_RECURSION = YES;
				CLANG_WARN_INT_CONVERSION = YES;
				CLANG_WARN_NON_LITERAL_NULL_CONVERSION = YES;
				CLANG_WARN_OBJC_IMPLICIT_RETAIN_SELF = YES;
				CLANG_WARN_OBJC_LITERAL_CONVERSION = YES;
				CLANG_WARN_OBJC_ROOT_CLASS = YES_ERROR;
				CLANG_WARN_RANGE_LOOP_ANALYSIS = YES;
				CLANG_WARN_STRICT_PROTOTYPES = YES;
				CLANG_WARN_SUSPICIOUS_MOVE = YES;
				CLANG_WARN_UNGUARDED_AVAILABILITY = YES_AGGRESSIVE;
				CLANG_WARN_UNREACHABLE_CODE = YES;
				CLANG_WARN__DUPLICATE_METHOD_MATCH = YES;
				COPY_PHASE_STRIP = NO;
				DEBUG_INFORMATION_FORMAT = dwarf;
				ENABLE_STRICT_OBJC_MSGSEND = YES;
				ENABLE_TESTABILITY = YES;
				GCC_C_LANGUAGE_STANDARD = gnu11;
				GCC_DYNAMIC_NO_PIC = NO;
				GCC_NO_COMMON_BLOCKS = YES;
				GCC_OPTIMIZATION_LEVEL = 0;
				GCC_PREPROCESSOR_DEFINITIONS = (
					"DEBUG=1",
					"$(inherited)",
				);
				GCC_WARN_64_TO_32_BIT_CONVERSION = YES;
				GCC_WARN_ABOUT_RETURN_TYPE = YES_ERROR;
				GCC_WARN_UNDECLARED_SELECTOR = YES;
				GCC_WARN_UNINITIALIZED_AUTOS = YES_AGGRESSIVE;
				GCC_WARN_UNUSED_FUNCTION = YES;
				GCC_WARN_UNUSED_VARIABLE = YES;
				IPHONEOS_DEPLOYMENT_TARGET = 13.2;
				MTL_ENABLE_DEBUG_INFO = INCLUDE_SOURCE;
				MTL_FAST_MATH = YES;
				ONLY_ACTIVE_ARCH = YES;
				SDKROOT = iphoneos;
				SWIFT_ACTIVE_COMPILATION_CONDITIONS = DEBUG;
				SWIFT_OPTIMIZATION_LEVEL = "-Onone";
			};
			name = Debug;
		};
		908BAC2A239EB1D300D984FE /* Release */ = {
			isa = XCBuildConfiguration;
			buildSettings = {
				ALWAYS_SEARCH_USER_PATHS = NO;
				CLANG_ANALYZER_NONNULL = YES;
				CLANG_ANALYZER_NUMBER_OBJECT_CONVERSION = YES_AGGRESSIVE;
				CLANG_CXX_LANGUAGE_STANDARD = "gnu++14";
				CLANG_CXX_LIBRARY = "libc++";
				CLANG_ENABLE_MODULES = YES;
				CLANG_ENABLE_OBJC_ARC = YES;
				CLANG_ENABLE_OBJC_WEAK = YES;
				CLANG_WARN_BLOCK_CAPTURE_AUTORELEASING = YES;
				CLANG_WARN_BOOL_CONVERSION = YES;
				CLANG_WARN_COMMA = YES;
				CLANG_WARN_CONSTANT_CONVERSION = YES;
				CLANG_WARN_DEPRECATED_OBJC_IMPLEMENTATIONS = YES;
				CLANG_WARN_DIRECT_OBJC_ISA_USAGE = YES_ERROR;
				CLANG_WARN_DOCUMENTATION_COMMENTS = YES;
				CLANG_WARN_EMPTY_BODY = YES;
				CLANG_WARN_ENUM_CONVERSION = YES;
				CLANG_WARN_INFINITE_RECURSION = YES;
				CLANG_WARN_INT_CONVERSION = YES;
				CLANG_WARN_NON_LITERAL_NULL_CONVERSION = YES;
				CLANG_WARN_OBJC_IMPLICIT_RETAIN_SELF = YES;
				CLANG_WARN_OBJC_LITERAL_CONVERSION = YES;
				CLANG_WARN_OBJC_ROOT_CLASS = YES_ERROR;
				CLANG_WARN_RANGE_LOOP_ANALYSIS = YES;
				CLANG_WARN_STRICT_PROTOTYPES = YES;
				CLANG_WARN_SUSPICIOUS_MOVE = YES;
				CLANG_WARN_UNGUARDED_AVAILABILITY = YES_AGGRESSIVE;
				CLANG_WARN_UNREACHABLE_CODE = YES;
				CLANG_WARN__DUPLICATE_METHOD_MATCH = YES;
				COPY_PHASE_STRIP = NO;
				DEBUG_INFORMATION_FORMAT = "dwarf-with-dsym";
				ENABLE_NS_ASSERTIONS = NO;
				ENABLE_STRICT_OBJC_MSGSEND = YES;
				GCC_C_LANGUAGE_STANDARD = gnu11;
				GCC_NO_COMMON_BLOCKS = YES;
				GCC_WARN_64_TO_32_BIT_CONVERSION = YES;
				GCC_WARN_ABOUT_RETURN_TYPE = YES_ERROR;
				GCC_WARN_UNDECLARED_SELECTOR = YES;
				GCC_WARN_UNINITIALIZED_AUTOS = YES_AGGRESSIVE;
				GCC_WARN_UNUSED_FUNCTION = YES;
				GCC_WARN_UNUSED_VARIABLE = YES;
				IPHONEOS_DEPLOYMENT_TARGET = 13.2;
				MTL_ENABLE_DEBUG_INFO = NO;
				MTL_FAST_MATH = YES;
				SDKROOT = iphoneos;
				SWIFT_COMPILATION_MODE = wholemodule;
				SWIFT_OPTIMIZATION_LEVEL = "-O";
				VALIDATE_PRODUCT = YES;
			};
			name = Release;
		};
		908BAC2C239EB1D300D984FE /* Debug */ = {
			isa = XCBuildConfiguration;
			buildSettings = {
				ASSETCATALOG_COMPILER_APPICON_NAME = AppIcon;
				CODE_SIGN_STYLE = Automatic;
				INFOPLIST_FILE = "project-TheShepherd/Info.plist";
				LD_RUNPATH_SEARCH_PATHS = (
					"$(inherited)",
					"@executable_path/Frameworks",
				);
				PRODUCT_BUNDLE_IDENTIFIER = "isaacjm.project-TheShepherd";
				PRODUCT_NAME = "$(TARGET_NAME)";
				SWIFT_VERSION = 5.0;
				TARGETED_DEVICE_FAMILY = "1,2";
			};
			name = Debug;
		};
		908BAC2D239EB1D300D984FE /* Release */ = {
			isa = XCBuildConfiguration;
			buildSettings = {
				ASSETCATALOG_COMPILER_APPICON_NAME = AppIcon;
				CODE_SIGN_STYLE = Automatic;
				INFOPLIST_FILE = "project-TheShepherd/Info.plist";
				LD_RUNPATH_SEARCH_PATHS = (
					"$(inherited)",
					"@executable_path/Frameworks",
				);
				PRODUCT_BUNDLE_IDENTIFIER = "isaacjm.project-TheShepherd";
				PRODUCT_NAME = "$(TARGET_NAME)";
				SWIFT_VERSION = 5.0;
				TARGETED_DEVICE_FAMILY = "1,2";
			};
			name = Release;
		};
/* End XCBuildConfiguration section */

/* Begin XCConfigurationList section */
		908BAC12239EB1D100D984FE /* Build configuration list for PBXProject "project-TheShepherd" */ = {
			isa = XCConfigurationList;
			buildConfigurations = (
				908BAC29239EB1D300D984FE /* Debug */,
				908BAC2A239EB1D300D984FE /* Release */,
			);
			defaultConfigurationIsVisible = 0;
			defaultConfigurationName = Release;
		};
		908BAC2B239EB1D300D984FE /* Build configuration list for PBXNativeTarget "project-TheShepherd" */ = {
			isa = XCConfigurationList;
			buildConfigurations = (
				908BAC2C239EB1D300D984FE /* Debug */,
				908BAC2D239EB1D300D984FE /* Release */,
			);
			defaultConfigurationIsVisible = 0;
			defaultConfigurationName = Release;
		};
/* End XCConfigurationList section */
	};
	rootObject = 908BAC0F239EB1D100D984FE /* Project object */;
}
